// !$*UTF8*$!
{
	archiveVersion = 1;
	classes = {
	};
	objectVersion = 50;
	objects = {

/* Begin PBXBuildFile section */
		C61CAC1F26B3C6EB00E53CD6 /* API_CallingApp.swift in Sources */ = {isa = PBXBuildFile; fileRef = C61CAC1E26B3C6EB00E53CD6 /* API_CallingApp.swift */; };
		C61CAC2126B3C6EB00E53CD6 /* ContentView.swift in Sources */ = {isa = PBXBuildFile; fileRef = C61CAC2026B3C6EB00E53CD6 /* ContentView.swift */; };
		C61CAC2326B3C6EF00E53CD6 /* Assets.xcassets in Resources */ = {isa = PBXBuildFile; fileRef = C61CAC2226B3C6EF00E53CD6 /* Assets.xcassets */; };
		C61CAC2626B3C6EF00E53CD6 /* Preview Assets.xcassets in Resources */ = {isa = PBXBuildFile; fileRef = C61CAC2526B3C6EF00E53CD6 /* Preview Assets.xcassets */; };
		C61CAC3126B3C6EF00E53CD6 /* API_CallingTests.swift in Sources */ = {isa = PBXBuildFile; fileRef = C61CAC3026B3C6EF00E53CD6 /* API_CallingTests.swift */; };
		C61CAC3C26B3C6EF00E53CD6 /* API_CallingUITests.swift in Sources */ = {isa = PBXBuildFile; fileRef = C61CAC3B26B3C6EF00E53CD6 /* API_CallingUITests.swift */; };
/* End PBXBuildFile section */

/* Begin PBXContainerItemProxy section */
		C61CAC2D26B3C6EF00E53CD6 /* PBXContainerItemProxy */ = {
			isa = PBXContainerItemProxy;
			containerPortal = C61CAC1326B3C6EB00E53CD6 /* Project object */;
			proxyType = 1;
			remoteGlobalIDString = C61CAC1A26B3C6EB00E53CD6;
			remoteInfo = "API Calling";
		};
		C61CAC3826B3C6EF00E53CD6 /* PBXContainerItemProxy */ = {
			isa = PBXContainerItemProxy;
			containerPortal = C61CAC1326B3C6EB00E53CD6 /* Project object */;
			proxyType = 1;
			remoteGlobalIDString = C61CAC1A26B3C6EB00E53CD6;
			remoteInfo = "API Calling";
		};
/* End PBXContainerItemProxy section */

/* Begin PBXFileReference section */
		C61CAC1B26B3C6EB00E53CD6 /* API Calling.app */ = {isa = PBXFileReference; explicitFileType = wrapper.application; includeInIndex = 0; path = "API Calling.app"; sourceTree = BUILT_PRODUCTS_DIR; };
		C61CAC1E26B3C6EB00E53CD6 /* API_CallingApp.swift */ = {isa = PBXFileReference; lastKnownFileType = sourcecode.swift; path = API_CallingApp.swift; sourceTree = "<group>"; };
		C61CAC2026B3C6EB00E53CD6 /* ContentView.swift */ = {isa = PBXFileReference; lastKnownFileType = sourcecode.swift; path = ContentView.swift; sourceTree = "<group>"; };
		C61CAC2226B3C6EF00E53CD6 /* Assets.xcassets */ = {isa = PBXFileReference; lastKnownFileType = folder.assetcatalog; path = Assets.xcassets; sourceTree = "<group>"; };
		C61CAC2526B3C6EF00E53CD6 /* Preview Assets.xcassets */ = {isa = PBXFileReference; lastKnownFileType = folder.assetcatalog; path = "Preview Assets.xcassets"; sourceTree = "<group>"; };
		C61CAC2726B3C6EF00E53CD6 /* Info.plist */ = {isa = PBXFileReference; lastKnownFileType = text.plist.xml; path = Info.plist; sourceTree = "<group>"; };
		C61CAC2C26B3C6EF00E53CD6 /* API CallingTests.xctest */ = {isa = PBXFileReference; explicitFileType = wrapper.cfbundle; includeInIndex = 0; path = "API CallingTests.xctest"; sourceTree = BUILT_PRODUCTS_DIR; };
		C61CAC3026B3C6EF00E53CD6 /* API_CallingTests.swift */ = {isa = PBXFileReference; lastKnownFileType = sourcecode.swift; path = API_CallingTests.swift; sourceTree = "<group>"; };
		C61CAC3226B3C6EF00E53CD6 /* Info.plist */ = {isa = PBXFileReference; lastKnownFileType = text.plist.xml; path = Info.plist; sourceTree = "<group>"; };
		C61CAC3726B3C6EF00E53CD6 /* API CallingUITests.xctest */ = {isa = PBXFileReference; explicitFileType = wrapper.cfbundle; includeInIndex = 0; path = "API CallingUITests.xctest"; sourceTree = BUILT_PRODUCTS_DIR; };
		C61CAC3B26B3C6EF00E53CD6 /* API_CallingUITests.swift */ = {isa = PBXFileReference; lastKnownFileType = sourcecode.swift; path = API_CallingUITests.swift; sourceTree = "<group>"; };
		C61CAC3D26B3C6EF00E53CD6 /* Info.plist */ = {isa = PBXFileReference; lastKnownFileType = text.plist.xml; path = Info.plist; sourceTree = "<group>"; };
/* End PBXFileReference section */

/* Begin PBXFrameworksBuildPhase section */
		C61CAC1826B3C6EB00E53CD6 /* Frameworks */ = {
			isa = PBXFrameworksBuildPhase;
			buildActionMask = 2147483647;
			files = (
			);
			runOnlyForDeploymentPostprocessing = 0;
		};
		C61CAC2926B3C6EF00E53CD6 /* Frameworks */ = {
			isa = PBXFrameworksBuildPhase;
			buildActionMask = 2147483647;
			files = (
			);
			runOnlyForDeploymentPostprocessing = 0;
		};
		C61CAC3426B3C6EF00E53CD6 /* Frameworks */ = {
			isa = PBXFrameworksBuildPhase;
			buildActionMask = 2147483647;
			files = (
			);
			runOnlyForDeploymentPostprocessing = 0;
		};
/* End PBXFrameworksBuildPhase section */

/* Begin PBXGroup section */
		C61CAC1226B3C6EB00E53CD6 = {
			isa = PBXGroup;
			children = (
				C61CAC1D26B3C6EB00E53CD6 /* API Calling */,
				C61CAC2F26B3C6EF00E53CD6 /* API CallingTests */,
				C61CAC3A26B3C6EF00E53CD6 /* API CallingUITests */,
				C61CAC1C26B3C6EB00E53CD6 /* Products */,
			);
			sourceTree = "<group>";
		};
		C61CAC1C26B3C6EB00E53CD6 /* Products */ = {
			isa = PBXGroup;
			children = (
				C61CAC1B26B3C6EB00E53CD6 /* API Calling.app */,
				C61CAC2C26B3C6EF00E53CD6 /* API CallingTests.xctest */,
				C61CAC3726B3C6EF00E53CD6 /* API CallingUITests.xctest */,
			);
			name = Products;
			sourceTree = "<group>";
		};
		C61CAC1D26B3C6EB00E53CD6 /* API Calling */ = {
			isa = PBXGroup;
			children = (
				C61CAC1E26B3C6EB00E53CD6 /* API_CallingApp.swift */,
				C61CAC2026B3C6EB00E53CD6 /* ContentView.swift */,
				C61CAC2226B3C6EF00E53CD6 /* Assets.xcassets */,
				C61CAC2726B3C6EF00E53CD6 /* Info.plist */,
				C61CAC2426B3C6EF00E53CD6 /* Preview Content */,
			);
			path = "API Calling";
			sourceTree = "<group>";
		};
		C61CAC2426B3C6EF00E53CD6 /* Preview Content */ = {
			isa = PBXGroup;
			children = (
				C61CAC2526B3C6EF00E53CD6 /* Preview Assets.xcassets */,
			);
			path = "Preview Content";
			sourceTree = "<group>";
		};
		C61CAC2F26B3C6EF00E53CD6 /* API CallingTests */ = {
			isa = PBXGroup;
			children = (
				C61CAC3026B3C6EF00E53CD6 /* API_CallingTests.swift */,
				C61CAC3226B3C6EF00E53CD6 /* Info.plist */,
			);
			path = "API CallingTests";
			sourceTree = "<group>";
		};
		C61CAC3A26B3C6EF00E53CD6 /* API CallingUITests */ = {
			isa = PBXGroup;
			children = (
				C61CAC3B26B3C6EF00E53CD6 /* API_CallingUITests.swift */,
				C61CAC3D26B3C6EF00E53CD6 /* Info.plist */,
			);
			path = "API CallingUITests";
			sourceTree = "<group>";
		};
/* End PBXGroup section */

/* Begin PBXNativeTarget section */
		C61CAC1A26B3C6EB00E53CD6 /* API Calling */ = {
			isa = PBXNativeTarget;
			buildConfigurationList = C61CAC4026B3C6EF00E53CD6 /* Build configuration list for PBXNativeTarget "API Calling" */;
			buildPhases = (
				C61CAC1726B3C6EB00E53CD6 /* Sources */,
				C61CAC1826B3C6EB00E53CD6 /* Frameworks */,
				C61CAC1926B3C6EB00E53CD6 /* Resources */,
			);
			buildRules = (
			);
			dependencies = (
			);
			name = "API Calling";
			productName = "API Calling";
			productReference = C61CAC1B26B3C6EB00E53CD6 /* API Calling.app */;
			productType = "com.apple.product-type.application";
		};
		C61CAC2B26B3C6EF00E53CD6 /* API CallingTests */ = {
			isa = PBXNativeTarget;
			buildConfigurationList = C61CAC4326B3C6EF00E53CD6 /* Build configuration list for PBXNativeTarget "API CallingTests" */;
			buildPhases = (
				C61CAC2826B3C6EF00E53CD6 /* Sources */,
				C61CAC2926B3C6EF00E53CD6 /* Frameworks */,
				C61CAC2A26B3C6EF00E53CD6 /* Resources */,
			);
			buildRules = (
			);
			dependencies = (
				C61CAC2E26B3C6EF00E53CD6 /* PBXTargetDependency */,
			);
			name = "API CallingTests";
			productName = "API CallingTests";
			productReference = C61CAC2C26B3C6EF00E53CD6 /* API CallingTests.xctest */;
			productType = "com.apple.product-type.bundle.unit-test";
		};
		C61CAC3626B3C6EF00E53CD6 /* API CallingUITests */ = {
			isa = PBXNativeTarget;
			buildConfigurationList = C61CAC4626B3C6EF00E53CD6 /* Build configuration list for PBXNativeTarget "API CallingUITests" */;
			buildPhases = (
				C61CAC3326B3C6EF00E53CD6 /* Sources */,
				C61CAC3426B3C6EF00E53CD6 /* Frameworks */,
				C61CAC3526B3C6EF00E53CD6 /* Resources */,
			);
			buildRules = (
			);
			dependencies = (
				C61CAC3926B3C6EF00E53CD6 /* PBXTargetDependency */,
			);
			name = "API CallingUITests";
			productName = "API CallingUITests";
			productReference = C61CAC3726B3C6EF00E53CD6 /* API CallingUITests.xctest */;
			productType = "com.apple.product-type.bundle.ui-testing";
		};
/* End PBXNativeTarget section */

/* Begin PBXProject section */
		C61CAC1326B3C6EB00E53CD6 /* Project object */ = {
			isa = PBXProject;
			attributes = {
				LastSwiftUpdateCheck = 1250;
				LastUpgradeCheck = 1250;
				TargetAttributes = {
					C61CAC1A26B3C6EB00E53CD6 = {
						CreatedOnToolsVersion = 12.5;
					};
					C61CAC2B26B3C6EF00E53CD6 = {
						CreatedOnToolsVersion = 12.5;
						TestTargetID = C61CAC1A26B3C6EB00E53CD6;
					};
					C61CAC3626B3C6EF00E53CD6 = {
						CreatedOnToolsVersion = 12.5;
						TestTargetID = C61CAC1A26B3C6EB00E53CD6;
					};
				};
			};
			buildConfigurationList = C61CAC1626B3C6EB00E53CD6 /* Build configuration list for PBXProject "API Calling" */;
			compatibilityVersion = "Xcode 9.3";
			developmentRegion = en;
			hasScannedForEncodings = 0;
			knownRegions = (
				en,
				Base,
			);
			mainGroup = C61CAC1226B3C6EB00E53CD6;
			productRefGroup = C61CAC1C26B3C6EB00E53CD6 /* Products */;
			projectDirPath = "";
			projectRoot = "";
			targets = (
				C61CAC1A26B3C6EB00E53CD6 /* API Calling */,
				C61CAC2B26B3C6EF00E53CD6 /* API CallingTests */,
				C61CAC3626B3C6EF00E53CD6 /* API CallingUITests */,
			);
		};
/* End PBXProject section */

/* Begin PBXResourcesBuildPhase section */
		C61CAC1926B3C6EB00E53CD6 /* Resources */ = {
			isa = PBXResourcesBuildPhase;
			buildActionMask = 2147483647;
			files = (
				C61CAC2626B3C6EF00E53CD6 /* Preview Assets.xcassets in Resources */,
				C61CAC2326B3C6EF00E53CD6 /* Assets.xcassets in Resources */,
			);
			runOnlyForDeploymentPostprocessing = 0;
		};
		C61CAC2A26B3C6EF00E53CD6 /* Resources */ = {
			isa = PBXResourcesBuildPhase;
			buildActionMask = 2147483647;
			files = (
			);
			runOnlyForDeploymentPostprocessing = 0;
		};
		C61CAC3526B3C6EF00E53CD6 /* Resources */ = {
			isa = PBXResourcesBuildPhase;
			buildActionMask = 2147483647;
			files = (
			);
			runOnlyForDeploymentPostprocessing = 0;
		};
/* End PBXResourcesBuildPhase section */

/* Begin PBXSourcesBuildPhase section */
		C61CAC1726B3C6EB00E53CD6 /* Sources */ = {
			isa = PBXSourcesBuildPhase;
			buildActionMask = 2147483647;
			files = (
				C61CAC2126B3C6EB00E53CD6 /* ContentView.swift in Sources */,
				C61CAC1F26B3C6EB00E53CD6 /* API_CallingApp.swift in Sources */,
			);
			runOnlyForDeploymentPostprocessing = 0;
		};
		C61CAC2826B3C6EF00E53CD6 /* Sources */ = {
			isa = PBXSourcesBuildPhase;
			buildActionMask = 2147483647;
			files = (
				C61CAC3126B3C6EF00E53CD6 /* API_CallingTests.swift in Sources */,
			);
			runOnlyForDeploymentPostprocessing = 0;
		};
		C61CAC3326B3C6EF00E53CD6 /* Sources */ = {
			isa = PBXSourcesBuildPhase;
			buildActionMask = 2147483647;
			files = (
				C61CAC3C26B3C6EF00E53CD6 /* API_CallingUITests.swift in Sources */,
			);
			runOnlyForDeploymentPostprocessing = 0;
		};
/* End PBXSourcesBuildPhase section */

/* Begin PBXTargetDependency section */
		C61CAC2E26B3C6EF00E53CD6 /* PBXTargetDependency */ = {
			isa = PBXTargetDependency;
			target = C61CAC1A26B3C6EB00E53CD6 /* API Calling */;
			targetProxy = C61CAC2D26B3C6EF00E53CD6 /* PBXContainerItemProxy */;
		};
		C61CAC3926B3C6EF00E53CD6 /* PBXTargetDependency */ = {
			isa = PBXTargetDependency;
			target = C61CAC1A26B3C6EB00E53CD6 /* API Calling */;
			targetProxy = C61CAC3826B3C6EF00E53CD6 /* PBXContainerItemProxy */;
		};
/* End PBXTargetDependency section */

/* Begin XCBuildConfiguration section */
		C61CAC3E26B3C6EF00E53CD6 /* Debug */ = {
			isa = XCBuildConfiguration;
			buildSettings = {
				ALWAYS_SEARCH_USER_PATHS = NO;
				CLANG_ANALYZER_NONNULL = YES;
				CLANG_ANALYZER_NUMBER_OBJECT_CONVERSION = YES_AGGRESSIVE;
				CLANG_CXX_LANGUAGE_STANDARD = "gnu++14";
				CLANG_CXX_LIBRARY = "libc++";
				CLANG_ENABLE_MODULES = YES;
				CLANG_ENABLE_OBJC_ARC = YES;
				CLANG_ENABLE_OBJC_WEAK = YES;
				CLANG_WARN_BLOCK_CAPTURE_AUTORELEASING = YES;
				CLANG_WARN_BOOL_CONVERSION = YES;
				CLANG_WARN_COMMA = YES;
				CLANG_WARN_CONSTANT_CONVERSION = YES;
				CLANG_WARN_DEPRECATED_OBJC_IMPLEMENTATIONS = YES;
				CLANG_WARN_DIRECT_OBJC_ISA_USAGE = YES_ERROR;
				CLANG_WARN_DOCUMENTATION_COMMENTS = YES;
				CLANG_WARN_EMPTY_BODY = YES;
				CLANG_WARN_ENUM_CONVERSION = YES;
				CLANG_WARN_INFINITE_RECURSION = YES;
				CLANG_WARN_INT_CONVERSION = YES;
				CLANG_WARN_NON_LITERAL_NULL_CONVERSION = YES;
				CLANG_WARN_OBJC_IMPLICIT_RETAIN_SELF = YES;
				CLANG_WARN_OBJC_LITERAL_CONVERSION = YES;
				CLANG_WARN_OBJC_ROOT_CLASS = YES_ERROR;
				CLANG_WARN_QUOTED_INCLUDE_IN_FRAMEWORK_HEADER = YES;
				CLANG_WARN_RANGE_LOOP_ANALYSIS = YES;
				CLANG_WARN_STRICT_PROTOTYPES = YES;
				CLANG_WARN_SUSPICIOUS_MOVE = YES;
				CLANG_WARN_UNGUARDED_AVAILABILITY = YES_AGGRESSIVE;
				CLANG_WARN_UNREACHABLE_CODE = YES;
				CLANG_WARN__DUPLICATE_METHOD_MATCH = YES;
				COPY_PHASE_STRIP = NO;
				DEBUG_INFORMATION_FORMAT = dwarf;
				ENABLE_STRICT_OBJC_MSGSEND = YES;
				ENABLE_TESTABILITY = YES;
				GCC_C_LANGUAGE_STANDARD = gnu11;
				GCC_DYNAMIC_NO_PIC = NO;
				GCC_NO_COMMON_BLOCKS = YES;
				GCC_OPTIMIZATION_LEVEL = 0;
				GCC_PREPROCESSOR_DEFINITIONS = (
					"DEBUG=1",
					"$(inherited)",
				);
				GCC_WARN_64_TO_32_BIT_CONVERSION = YES;
				GCC_WARN_ABOUT_RETURN_TYPE = YES_ERROR;
				GCC_WARN_UNDECLARED_SELECTOR = YES;
				GCC_WARN_UNINITIALIZED_AUTOS = YES_AGGRESSIVE;
				GCC_WARN_UNUSED_FUNCTION = YES;
				GCC_WARN_UNUSED_VARIABLE = YES;
				IPHONEOS_DEPLOYMENT_TARGET = 14.5;
				MTL_ENABLE_DEBUG_INFO = INCLUDE_SOURCE;
				MTL_FAST_MATH = YES;
				ONLY_ACTIVE_ARCH = YES;
				SDKROOT = iphoneos;
				SWIFT_ACTIVE_COMPILATION_CONDITIONS = DEBUG;
				SWIFT_OPTIMIZATION_LEVEL = "-Onone";
			};
			name = Debug;
		};
		C61CAC3F26B3C6EF00E53CD6 /* Release */ = {
			isa = XCBuildConfiguration;
			buildSettings = {
				ALWAYS_SEARCH_USER_PATHS = NO;
				CLANG_ANALYZER_NONNULL = YES;
				CLANG_ANALYZER_NUMBER_OBJECT_CONVERSION = YES_AGGRESSIVE;
				CLANG_CXX_LANGUAGE_STANDARD = "gnu++14";
				CLANG_CXX_LIBRARY = "libc++";
				CLANG_ENABLE_MODULES = YES;
				CLANG_ENABLE_OBJC_ARC = YES;
				CLANG_ENABLE_OBJC_WEAK = YES;
				CLANG_WARN_BLOCK_CAPTURE_AUTORELEASING = YES;
				CLANG_WARN_BOOL_CONVERSION = YES;
				CLANG_WARN_COMMA = YES;
				CLANG_WARN_CONSTANT_CONVERSION = YES;
				CLANG_WARN_DEPRECATED_OBJC_IMPLEMENTATIONS = YES;
				CLANG_WARN_DIRECT_OBJC_ISA_USAGE = YES_ERROR;
				CLANG_WARN_DOCUMENTATION_COMMENTS = YES;
				CLANG_WARN_EMPTY_BODY = YES;
				CLANG_WARN_ENUM_CONVERSION = YES;
				CLANG_WARN_INFINITE_RECURSION = YES;
				CLANG_WARN_INT_CONVERSION = YES;
				CLANG_WARN_NON_LITERAL_NULL_CONVERSION = YES;
				CLANG_WARN_OBJC_IMPLICIT_RETAIN_SELF = YES;
				CLANG_WARN_OBJC_LITERAL_CONVERSION = YES;
				CLANG_WARN_OBJC_ROOT_CLASS = YES_ERROR;
				CLANG_WARN_QUOTED_INCLUDE_IN_FRAMEWORK_HEADER = YES;
				CLANG_WARN_RANGE_LOOP_ANALYSIS = YES;
				CLANG_WARN_STRICT_PROTOTYPES = YES;
				CLANG_WARN_SUSPICIOUS_MOVE = YES;
				CLANG_WARN_UNGUARDED_AVAILABILITY = YES_AGGRESSIVE;
				CLANG_WARN_UNREACHABLE_CODE = YES;
				CLANG_WARN__DUPLICATE_METHOD_MATCH = YES;
				COPY_PHASE_STRIP = NO;
				DEBUG_INFORMATION_FORMAT = "dwarf-with-dsym";
				ENABLE_NS_ASSERTIONS = NO;
				ENABLE_STRICT_OBJC_MSGSEND = YES;
				GCC_C_LANGUAGE_STANDARD = gnu11;
				GCC_NO_COMMON_BLOCKS = YES;
				GCC_WARN_64_TO_32_BIT_CONVERSION = YES;
				GCC_WARN_ABOUT_RETURN_TYPE = YES_ERROR;
				GCC_WARN_UNDECLARED_SELECTOR = YES;
				GCC_WARN_UNINITIALIZED_AUTOS = YES_AGGRESSIVE;
				GCC_WARN_UNUSED_FUNCTION = YES;
				GCC_WARN_UNUSED_VARIABLE = YES;
				IPHONEOS_DEPLOYMENT_TARGET = 14.5;
				MTL_ENABLE_DEBUG_INFO = NO;
				MTL_FAST_MATH = YES;
				SDKROOT = iphoneos;
				SWIFT_COMPILATION_MODE = wholemodule;
				SWIFT_OPTIMIZATION_LEVEL = "-O";
				VALIDATE_PRODUCT = YES;
			};
			name = Release;
		};
		C61CAC4126B3C6EF00E53CD6 /* Debug */ = {
			isa = XCBuildConfiguration;
			buildSettings = {
				ASSETCATALOG_COMPILER_APPICON_NAME = AppIcon;
				ASSETCATALOG_COMPILER_GLOBAL_ACCENT_COLOR_NAME = AccentColor;
				CODE_SIGN_STYLE = Automatic;
				DEVELOPMENT_ASSET_PATHS = "\"API Calling/Preview Content\"";
				ENABLE_PREVIEWS = YES;
				INFOPLIST_FILE = "API Calling/Info.plist";
				IPHONEOS_DEPLOYMENT_TARGET = 14.0;
				LD_RUNPATH_SEARCH_PATHS = (
					"$(inherited)",
					"@executable_path/Frameworks",
				);
				PRODUCT_BUNDLE_IDENTIFIER = "mqy.API-Calling";
				PRODUCT_NAME = "$(TARGET_NAME)";
				SWIFT_VERSION = 5.0;
				TARGETED_DEVICE_FAMILY = "1,2";
			};
			name = Debug;
		};
		C61CAC4226B3C6EF00E53CD6 /* Release */ = {
			isa = XCBuildConfiguration;
			buildSettings = {
				ASSETCATALOG_COMPILER_APPICON_NAME = AppIcon;
				ASSETCATALOG_COMPILER_GLOBAL_ACCENT_COLOR_NAME = AccentColor;
				CODE_SIGN_STYLE = Automatic;
				DEVELOPMENT_ASSET_PATHS = "\"API Calling/Preview Content\"";
				ENABLE_PREVIEWS = YES;
				INFOPLIST_FILE = "API Calling/Info.plist";
				IPHONEOS_DEPLOYMENT_TARGET = 14.0;
				LD_RUNPATH_SEARCH_PATHS = (
					"$(inherited)",
					"@executable_path/Frameworks",
				);
				PRODUCT_BUNDLE_IDENTIFIER = "mqy.API-Calling";
				PRODUCT_NAME = "$(TARGET_NAME)";
				SWIFT_VERSION = 5.0;
				TARGETED_DEVICE_FAMILY = "1,2";
			};
			name = Release;
		};
		C61CAC4426B3C6EF00E53CD6 /* Debug */ = {
			isa = XCBuildConfiguration;
			buildSettings = {
				ALWAYS_EMBED_SWIFT_STANDARD_LIBRARIES = YES;
				BUNDLE_LOADER = "$(TEST_HOST)";
				CODE_SIGN_STYLE = Automatic;
				INFOPLIST_FILE = "API CallingTests/Info.plist";
				IPHONEOS_DEPLOYMENT_TARGET = 14.0;
				LD_RUNPATH_SEARCH_PATHS = (
					"$(inherited)",
					"@executable_path/Frameworks",
					"@loader_path/Frameworks",
				);
				PRODUCT_BUNDLE_IDENTIFIER = "mqy.API-CallingTests";
				PRODUCT_NAME = "$(TARGET_NAME)";
				SWIFT_VERSION = 5.0;
				TARGETED_DEVICE_FAMILY = "1,2";
				TEST_HOST = "$(BUILT_PRODUCTS_DIR)/API Calling.app/API Calling";
			};
			name = Debug;
		};
		C61CAC4526B3C6EF00E53CD6 /* Release */ = {
			isa = XCBuildConfiguration;
			buildSettings = {
				ALWAYS_EMBED_SWIFT_STANDARD_LIBRARIES = YES;
				BUNDLE_LOADER = "$(TEST_HOST)";
				CODE_SIGN_STYLE = Automatic;
				INFOPLIST_FILE = "API CallingTests/Info.plist";
				IPHONEOS_DEPLOYMENT_TARGET = 14.0;
				LD_RUNPATH_SEARCH_PATHS = (
					"$(inherited)",
					"@executable_path/Frameworks",
					"@loader_path/Frameworks",
				);
				PRODUCT_BUNDLE_IDENTIFIER = "mqy.API-CallingTests";
				PRODUCT_NAME = "$(TARGET_NAME)";
				SWIFT_VERSION = 5.0;
				TARGETED_DEVICE_FAMILY = "1,2";
				TEST_HOST = "$(BUILT_PRODUCTS_DIR)/API Calling.app/API Calling";
			};
			name = Release;
		};
		C61CAC4726B3C6EF00E53CD6 /* Debug */ = {
			isa = XCBuildConfiguration;
			buildSettings = {
				ALWAYS_EMBED_SWIFT_STANDARD_LIBRARIES = YES;
				CODE_SIGN_STYLE = Automatic;
				INFOPLIST_FILE = "API CallingUITests/Info.plist";
				LD_RUNPATH_SEARCH_PATHS = (
					"$(inherited)",
					"@executable_path/Frameworks",
					"@loader_path/Frameworks",
				);
				PRODUCT_BUNDLE_IDENTIFIER = "mqy.API-CallingUITests";
				PRODUCT_NAME = "$(TARGET_NAME)";
				SWIFT_VERSION = 5.0;
				TARGETED_DEVICE_FAMILY = "1,2";
				TEST_TARGET_NAME = "API Calling";
			};
			name = Debug;
		};
		C61CAC4826B3C6EF00E53CD6 /* Release */ = {
			isa = XCBuildConfiguration;
			buildSettings = {
				ALWAYS_EMBED_SWIFT_STANDARD_LIBRARIES = YES;
				CODE_SIGN_STYLE = Automatic;
				INFOPLIST_FILE = "API CallingUITests/Info.plist";
				LD_RUNPATH_SEARCH_PATHS = (
					"$(inherited)",
					"@executable_path/Frameworks",
					"@loader_path/Frameworks",
				);
				PRODUCT_BUNDLE_IDENTIFIER = "mqy.API-CallingUITests";
				PRODUCT_NAME = "$(TARGET_NAME)";
				SWIFT_VERSION = 5.0;
				TARGETED_DEVICE_FAMILY = "1,2";
				TEST_TARGET_NAME = "API Calling";
			};
			name = Release;
		};
/* End XCBuildConfiguration section */

/* Begin XCConfigurationList section */
		C61CAC1626B3C6EB00E53CD6 /* Build configuration list for PBXProject "API Calling" */ = {
			isa = XCConfigurationList;
			buildConfigurations = (
				C61CAC3E26B3C6EF00E53CD6 /* Debug */,
				C61CAC3F26B3C6EF00E53CD6 /* Release */,
			);
			defaultConfigurationIsVisible = 0;
			defaultConfigurationName = Release;
		};
		C61CAC4026B3C6EF00E53CD6 /* Build configuration list for PBXNativeTarget "API Calling" */ = {
			isa = XCConfigurationList;
			buildConfigurations = (
				C61CAC4126B3C6EF00E53CD6 /* Debug */,
				C61CAC4226B3C6EF00E53CD6 /* Release */,
			);
			defaultConfigurationIsVisible = 0;
			defaultConfigurationName = Release;
		};
		C61CAC4326B3C6EF00E53CD6 /* Build configuration list for PBXNativeTarget "API CallingTests" */ = {
			isa = XCConfigurationList;
			buildConfigurations = (
				C61CAC4426B3C6EF00E53CD6 /* Debug */,
				C61CAC4526B3C6EF00E53CD6 /* Release */,
			);
			defaultConfigurationIsVisible = 0;
			defaultConfigurationName = Release;
		};
		C61CAC4626B3C6EF00E53CD6 /* Build configuration list for PBXNativeTarget "API CallingUITests" */ = {
			isa = XCConfigurationList;
			buildConfigurations = (
				C61CAC4726B3C6EF00E53CD6 /* Debug */,
				C61CAC4826B3C6EF00E53CD6 /* Release */,
			);
			defaultConfigurationIsVisible = 0;
			defaultConfigurationName = Release;
		};
/* End XCConfigurationList section */
	};
	rootObject = C61CAC1326B3C6EB00E53CD6 /* Project object */;
}
